
Microsoft Visual Studio Solution File, Format Version 12.00
# Visual Studio 2015
Project("{FAE04EC0-301F-11D3-BF4B-00C04F79EFBC}") = "RollMadness_Starter.CSharp.Plugins", "RollMadness_Starter.CSharp.Plugins.csproj", "{12C51F40-7C80-8E3E-B682-8152D8FCC032}"
EndProject
Project("{FAE04EC0-301F-11D3-BF4B-00C04F79EFBC}") = "RollMadness_Starter.CSharp", "RollMadness_Starter.CSharp.csproj", "{822B817D-BA17-2B17-D0AE-CFD5007E9BF2}"
EndProject
Project("{FAE04EC0-301F-11D3-BF4B-00C04F79EFBC}") = "RollMadness_Starter.CSharp.Editor", "RollMadness_Starter.CSharp.Editor.csproj", "{87239568-555A-FA93-F427-9E1A203D9F4F}"
EndProject
Global
	GlobalSection(SolutionConfigurationPlatforms) = preSolution
		Debug|Any CPU = Debug|Any CPU
		Release|Any CPU = Release|Any CPU
	EndGlobalSection
	GlobalSection(ProjectConfigurationPlatforms) = postSolution
		{12C51F40-7C80-8E3E-B682-8152D8FCC032}.Debug|Any CPU.ActiveCfg = Debug|Any CPU
		{12C51F40-7C80-8E3E-B682-8152D8FCC032}.Debug|Any CPU.Build.0 = Debug|Any CPU
		{12C51F40-7C80-8E3E-B682-8152D8FCC032}.Release|Any CPU.ActiveCfg = Release|Any CPU
		{12C51F40-7C80-8E3E-B682-8152D8FCC032}.Release|Any CPU.Build.0 = Release|Any CPU
		{822B817D-BA17-2B17-D0AE-CFD5007E9BF2}.Debug|Any CPU.ActiveCfg = Debug|Any CPU
		{822B817D-BA17-2B17-D0AE-CFD5007E9BF2}.Debug|Any CPU.Build.0 = Debug|Any CPU
		{822B817D-BA17-2B17-D0AE-CFD5007E9BF2}.Release|Any CPU.ActiveCfg = Release|Any CPU
		{822B817D-BA17-2B17-D0AE-CFD5007E9BF2}.Release|Any CPU.Build.0 = Release|Any CPU
		{87239568-555A-FA93-F427-9E1A203D9F4F}.Debug|Any CPU.ActiveCfg = Debug|Any CPU
		{87239568-555A-FA93-F427-9E1A203D9F4F}.Debug|Any CPU.Build.0 = Debug|Any CPU
		{87239568-555A-FA93-F427-9E1A203D9F4F}.Release|Any CPU.ActiveCfg = Release|Any CPU
		{87239568-555A-FA93-F427-9E1A203D9F4F}.Release|Any CPU.Build.0 = Release|Any CPU
	EndGlobalSection
	GlobalSection(SolutionProperties) = preSolution
		HideSolutionNode = FALSE
	EndGlobalSection
EndGlobal
